go.oneofone.dev/sets v1.0.9-0.20210819184551-3b382069c88a h1:UbzQ0TVcnNaz9Rnza4gAcU1YHCJWTXdztTblAA8nmiM=
go.oneofone.dev/sets v1.0.9-0.20210819184551-3b382069c88a/go.mod h1:aJD3mBrYXS8qwNY1xBfJb3JD9MAgg1QzGsOqUmGYM3M=
go.oneofone.dev/sets v1.0.9-0.20220127210700-5b2616ad6675 h1:qhBUAI/hgumS72ZzwS4qoSN2KVqcg1o85WdZtusfv2w=
go.oneofone.dev/sets v1.0.9-0.20220127210700-5b2616ad6675/go.mod h1:aJD3mBrYXS8qwNY1xBfJb3JD9MAgg1QzGsOqUmGYM3M=
golang.org/x/image v0.0.0-20210628002857-a66eb6448b8d h1:RNPAfi2nHY7C2srAV8A49jpsYr0ADedCk1wq6fTMTvs=
golang.org/x/image v0.0.0-20210628002857-a66eb6448b8d/go.mod h1:023OzeP/+EPmXeapQh35lcL3II3LrY8Ic+EFFKVhULM=
golang.org/x/image v0.0.0-20211028202545-6944b10bf410 h1:hTftEOvwiOq2+O8k2D5/Q7COC7k5Qcrgc2TFURJYnvQ=
golang.org/x/image v0.0.0-20211028202545-6944b10bf410/go.mod h1:023OzeP/+EPmXeapQh35lcL3II3LrY8Ic+EFFKVhULM=
golang.org/x/text v0.3.6/go.mod h1:5Zoc/QRtKVWzQhOtBMvqHzDpF6irO9z98xDceosuGiQ=
golang.org/x/tools v0.0.0-20180917221912-90fa682c2a6e/go.mod h1:n7NCudcB/nEzxVGmLbDWY5pfWTLqBcC2KZ6jyYvM4mQ=
golang.org/x/xerrors v0.0.0-20200804184101-5ec99f83aff1 h1:go1bK/D/BFZV2I8cIQd1NKEZ+0owSTG1fDTci4IqFcE=
golang.org/x/xerrors v0.0.0-20200804184101-5ec99f83aff1/go.mod h1:I/5z698sn9Ka8TeJc9MKroUUfqBBauWjQqLJ2OPfmY0=
